<?xml version="1.0" encoding="utf-8"?>
<Project ToolsVersion="4.0" xmlns="http://schemas.microsoft.com/developer/msbuild/2003">
  <ItemGroup>
    <Filter Include="源文件">
      <UniqueIdentifier>{4FC737F1-C7A5-4376-A066-2A32D752A2FF}</UniqueIdentifier>
      <Extensions>cpp;c;cc;cxx;def;odl;idl;hpj;bat;asm;asmx</Extensions>
    </Filter>
    <Filter Include="头文件">
      <UniqueIdentifier>{93995380-89BD-4b04-88EB-625FBE52EBFB}</UniqueIdentifier>
      <Extensions>h;hpp;hxx;hm;inl;inc;xsd</Extensions>
    </Filter>
    <Filter Include="资源文件">
      <UniqueIdentifier>{67DA6AB6-F800-4c08-8B7A-83BB121AAD01}</UniqueIdentifier>
      <Extensions>rc;ico;cur;bmp;dlg;rc2;rct;bin;rgs;gif;jpg;jpeg;jpe;resx;tiff;tif;png;wav;mfcribbon-ms</Extensions>
    </Filter>
    <Filter Include="utils">
      <UniqueIdentifier>{c3ebdcc8-8c8f-4661-bc84-658637a7e7d5}</UniqueIdentifier>
    </Filter>
    <Filter Include="data">
      <UniqueIdentifier>{5ebd0727-c5f3-4929-b1b0-0c0df25e9f1f}</UniqueIdentifier>
    </Filter>
    <Filter Include="parse">
      <UniqueIdentifier>{95ff324a-44b1-4704-9abf-7b358e231298}</UniqueIdentifier>
    </Filter>
  </ItemGroup>
  <ItemGroup>
    <None Include="ReadMe.txt" />
  </ItemGroup>
  <ItemGroup>
    <ClInclude Include="utils\ErrorReporter.h">
      <Filter>utils</Filter>
    </ClInclude>
    <ClInclude Include="utils\StringUtils.h">
      <Filter>utils</Filter>
    </ClInclude>
    <ClInclude Include="utils\utils.h">
      <Filter>utils</Filter>
    </ClInclude>
    <ClInclude Include="data\FunctionTable.h">
      <Filter>data</Filter>
    </ClInclude>
    <ClInclude Include="data\InstrLookupTable.h">
      <Filter>data</Filter>
    </ClInclude>
    <ClInclude Include="data\LabelTable.h">
      <Filter>data</Filter>
    </ClInclude>
    <ClInclude Include="data\SourceCodeHolder.h">
      <Filter>data</Filter>
    </ClInclude>
    <ClInclude Include="data\StringTable.h">
      <Filter>data</Filter>
    </ClInclude>
    <ClInclude Include="data\SymbolTable.h">
      <Filter>data</Filter>
    </ClInclude>
    <ClInclude Include="data\PublicDefine.h">
      <Filter>data</Filter>
    </ClInclude>
    <ClInclude Include="parse\LexicalAnalyzer.h">
      <Filter>parse</Filter>
    </ClInclude>
    <ClInclude Include="parse\PreProcessor.h">
      <Filter>parse</Filter>
    </ClInclude>
    <ClInclude Include="parse\SourceLoader.h">
      <Filter>parse</Filter>
    </ClInclude>
    <ClInclude Include="parse\SyntaxParser.h">
      <Filter>parse</Filter>
    </ClInclude>
    <ClInclude Include="data\TokenStream.h">
      <Filter>data</Filter>
    </ClInclude>
    <ClInclude Include="data\InstrStream.h">
      <Filter>data</Filter>
    </ClInclude>
  </ItemGroup>
  <ItemGroup>
    <ClCompile Include="utils\ErrorReporter.cpp">
      <Filter>utils</Filter>
    </ClCompile>
    <ClCompile Include="utils\StringUtils.cpp">
      <Filter>utils</Filter>
    </ClCompile>
    <ClCompile Include="data\FunctionTable.cpp">
      <Filter>data</Filter>
    </ClCompile>
    <ClCompile Include="data\InstrLookupTable.cpp">
      <Filter>data</Filter>
    </ClCompile>
    <ClCompile Include="data\LabelTable.cpp">
      <Filter>data</Filter>
    </ClCompile>
    <ClCompile Include="data\SourceCodeHolder.cpp">
      <Filter>data</Filter>
    </ClCompile>
    <ClCompile Include="data\StringTable.cpp">
      <Filter>data</Filter>
    </ClCompile>
    <ClCompile Include="data\SymbolTable.cpp">
      <Filter>data</Filter>
    </ClCompile>
    <ClCompile Include="parse\LexicalAnalyzer.cpp">
      <Filter>parse</Filter>
    </ClCompile>
    <ClCompile Include="parse\PreProcessor.cpp">
      <Filter>parse</Filter>
    </ClCompile>
    <ClCompile Include="parse\SourceLoader.cpp">
      <Filter>parse</Filter>
    </ClCompile>
    <ClCompile Include="parse\SyntaxParser.cpp">
      <Filter>parse</Filter>
    </ClCompile>
    <ClCompile Include="main.cpp">
      <Filter>源文件</Filter>
    </ClCompile>
    <ClCompile Include="data\TokenStream.cpp">
      <Filter>data</Filter>
    </ClCompile>
    <ClCompile Include="data\InstrStream.cpp">
      <Filter>data</Filter>
    </ClCompile>
  </ItemGroup>
</Project>