
Microsoft Visual Studio Solution File, Format Version 11.00
# Visual Studio 2010
Project("{8BC9CEB8-8B4A-11D0-8D11-00A0C91BC942}") = "XASM", "XASM\XASM.vcxproj", "{2D333C91-2C4F-405A-9DC6-B5CE28DECBC5}"
EndProject
Global
	GlobalSection(SolutionConfigurationPlatforms) = preSolution
		Debug|Win32 = Debug|Win32
		Release|Win32 = Release|Win32
	EndGlobalSection
	GlobalSection(ProjectConfigurationPlatforms) = postSolution
		{2D333C91-2C4F-405A-9DC6-B5CE28DECBC5}.Debug|Win32.ActiveCfg = Debug|Win32
		{2D333C91-2C4F-405A-9DC6-B5CE28DECBC5}.Debug|Win32.Build.0 = Debug|Win32
		{2D333C91-2C4F-405A-9DC6-B5CE28DECBC5}.Release|Win32.ActiveCfg = Release|Win32
		{2D333C91-2C4F-405A-9DC6-B5CE28DECBC5}.Release|Win32.Build.0 = Release|Win32
	EndGlobalSection
	GlobalSection(SolutionProperties) = preSolution
		HideSolutionNode = FALSE
	EndGlobalSection
EndGlobal
